{
  "name": "reconWeb",
  "lockfileVersion": 2,
  "requires": true,
  "packages": {
    "": {
      "dependencies": {
        "three": "^0.151.1"
      }
    },
    "node_modules/three": {
      "version": "0.151.1",
      "resolved": "https://registry.npmmirror.com/three/-/three-0.151.1.tgz",
      "integrity": "sha512-9xfF6FIaQmdG5kAUhVNDEJwOF1Ss39g2N9FSvAJNk9zBkaMhfyNqD9cDBxiR7OOA7oKhEdneeSU1qq0ZUbb0FQ=="
    }
  },
  "dependencies": {
    "three": {
      "version": "0.151.1",
      "resolved": "https://registry.npmmirror.com/three/-/three-0.151.1.tgz",
      "integrity": "sha512-9xfF6FIaQmdG5kAUhVNDEJwOF1Ss39g2N9FSvAJNk9zBkaMhfyNqD9cDBxiR7OOA7oKhEdneeSU1qq0ZUbb0FQ=="
    }
  }
}
